
Microsoft Visual Studio Solution File, Format Version 12.00
# Visual Studio Version 17
VisualStudioVersion = 17.13.35806.99 d17.13
MinimumVisualStudioVersion = 10.0.40219.1
Project("{FAE04EC0-301F-11D3-BF4B-00C04F79EFBC}") = "HRManagementSystemDDD", "HRManagementSystemDDD\HRManagementSystemDDD.csproj", "{A05547AC-0E65-4A65-A983-65867F796A92}"
EndProject
Project("{FAE04EC0-301F-11D3-BF4B-00C04F79EFBC}") = "DBUtility", "DBUtility\DBUtility.csproj", "{7E9415F2-3D30-4909-9FD4-8F36ABA883B9}"
EndProject
Project("{FAE04EC0-301F-11D3-BF4B-00C04F79EFBC}") = "HRManagementSystemDDD.Domain", "HRManagementSystemDDD.Domain\HRManagementSystemDDD.Domain.csproj", "{389AF00C-CFAA-4AB9-9A36-E062A14ACD91}"
EndProject
Project("{FAE04EC0-301F-11D3-BF4B-00C04F79EFBC}") = "HRManagementSystemDDD.Infrastructure", "HRManagementSystemDDD.Infrastructure\HRManagementSystemDDD.Infrastructure.csproj", "{CED11771-F568-7FC5-B916-660BCBA6715C}"
EndProject
Global
	GlobalSection(SolutionConfigurationPlatforms) = preSolution
		Debug|Any CPU = Debug|Any CPU
		Release|Any CPU = Release|Any CPU
	EndGlobalSection
	GlobalSection(ProjectConfigurationPlatforms) = postSolution
		{A05547AC-0E65-4A65-A983-65867F796A92}.Debug|Any CPU.ActiveCfg = Debug|Any CPU
		{A05547AC-0E65-4A65-A983-65867F796A92}.Debug|Any CPU.Build.0 = Debug|Any CPU
		{A05547AC-0E65-4A65-A983-65867F796A92}.Release|Any CPU.ActiveCfg = Release|Any CPU
		{A05547AC-0E65-4A65-A983-65867F796A92}.Release|Any CPU.Build.0 = Release|Any CPU
		{7E9415F2-3D30-4909-9FD4-8F36ABA883B9}.Debug|Any CPU.ActiveCfg = Debug|Any CPU
		{7E9415F2-3D30-4909-9FD4-8F36ABA883B9}.Debug|Any CPU.Build.0 = Debug|Any CPU
		{7E9415F2-3D30-4909-9FD4-8F36ABA883B9}.Release|Any CPU.ActiveCfg = Release|Any CPU
		{7E9415F2-3D30-4909-9FD4-8F36ABA883B9}.Release|Any CPU.Build.0 = Release|Any CPU
		{389AF00C-CFAA-4AB9-9A36-E062A14ACD91}.Debug|Any CPU.ActiveCfg = Debug|Any CPU
		{389AF00C-CFAA-4AB9-9A36-E062A14ACD91}.Debug|Any CPU.Build.0 = Debug|Any CPU
		{389AF00C-CFAA-4AB9-9A36-E062A14ACD91}.Release|Any CPU.ActiveCfg = Release|Any CPU
		{389AF00C-CFAA-4AB9-9A36-E062A14ACD91}.Release|Any CPU.Build.0 = Release|Any CPU
		{CED11771-F568-7FC5-B916-660BCBA6715C}.Debug|Any CPU.ActiveCfg = Debug|Any CPU
		{CED11771-F568-7FC5-B916-660BCBA6715C}.Debug|Any CPU.Build.0 = Debug|Any CPU
		{CED11771-F568-7FC5-B916-660BCBA6715C}.Release|Any CPU.ActiveCfg = Release|Any CPU
		{CED11771-F568-7FC5-B916-660BCBA6715C}.Release|Any CPU.Build.0 = Release|Any CPU
	EndGlobalSection
	GlobalSection(SolutionProperties) = preSolution
		HideSolutionNode = FALSE
	EndGlobalSection
	GlobalSection(ExtensibilityGlobals) = postSolution
		SolutionGuid = {D5D52217-4E67-4DD1-BE7A-C672DE8A8E1A}
	EndGlobalSection
EndGlobal
