
Microsoft Visual Studio Solution File, Format Version 12.00
# Visual Studio Version 17
VisualStudioVersion = 17.13.35806.99 d17.13
MinimumVisualStudioVersion = 10.0.40219.1
Project("{FAE04EC0-301F-11D3-BF4B-00C04F79EFBC}") = "HRManagementSystemDDD", "HRManagementSystemDDD\HRManagementSystemDDD.csproj", "{A05547AC-0E65-4A65-A983-65867F796A92}"
EndProject
Project("{FAE04EC0-301F-11D3-BF4B-00C04F79EFBC}") = "DBUtility", "DBUtility\DBUtility.csproj", "{7E9415F2-3D30-4909-9FD4-8F36ABA883B9}"
EndProject
Project("{FAE04EC0-301F-11D3-BF4B-00C04F79EFBC}") = "HRManagementSystem.Infrastructure", "HRManagementSystem.Infrastructure\HRManagementSystem.Infrastructure.csproj", "{5ED465E7-2E5A-4C0A-A194-D460FC1EFABB}"
EndProject
Project("{FAE04EC0-301F-11D3-BF4B-00C04F79EFBC}") = "HRManagementSystem.Domain", "HRManagementSystem.Domain\HRManagementSystem.Domain.csproj", "{B948EE5B-76C6-476F-B220-D04FFCEE408C}"
EndProject
Global
	GlobalSection(SolutionConfigurationPlatforms) = preSolution
		Debug|Any CPU = Debug|Any CPU
		Release|Any CPU = Release|Any CPU
	EndGlobalSection
	GlobalSection(ProjectConfigurationPlatforms) = postSolution
		{A05547AC-0E65-4A65-A983-65867F796A92}.Debug|Any CPU.ActiveCfg = Debug|Any CPU
		{A05547AC-0E65-4A65-A983-65867F796A92}.Debug|Any CPU.Build.0 = Debug|Any CPU
		{A05547AC-0E65-4A65-A983-65867F796A92}.Release|Any CPU.ActiveCfg = Release|Any CPU
		{A05547AC-0E65-4A65-A983-65867F796A92}.Release|Any CPU.Build.0 = Release|Any CPU
		{7E9415F2-3D30-4909-9FD4-8F36ABA883B9}.Debug|Any CPU.ActiveCfg = Debug|Any CPU
		{7E9415F2-3D30-4909-9FD4-8F36ABA883B9}.Debug|Any CPU.Build.0 = Debug|Any CPU
		{7E9415F2-3D30-4909-9FD4-8F36ABA883B9}.Release|Any CPU.ActiveCfg = Release|Any CPU
		{7E9415F2-3D30-4909-9FD4-8F36ABA883B9}.Release|Any CPU.Build.0 = Release|Any CPU
		{5ED465E7-2E5A-4C0A-A194-D460FC1EFABB}.Debug|Any CPU.ActiveCfg = Debug|Any CPU
		{5ED465E7-2E5A-4C0A-A194-D460FC1EFABB}.Debug|Any CPU.Build.0 = Debug|Any CPU
		{5ED465E7-2E5A-4C0A-A194-D460FC1EFABB}.Release|Any CPU.ActiveCfg = Release|Any CPU
		{5ED465E7-2E5A-4C0A-A194-D460FC1EFABB}.Release|Any CPU.Build.0 = Release|Any CPU
		{B948EE5B-76C6-476F-B220-D04FFCEE408C}.Debug|Any CPU.ActiveCfg = Debug|Any CPU
		{B948EE5B-76C6-476F-B220-D04FFCEE408C}.Debug|Any CPU.Build.0 = Debug|Any CPU
		{B948EE5B-76C6-476F-B220-D04FFCEE408C}.Release|Any CPU.ActiveCfg = Release|Any CPU
		{B948EE5B-76C6-476F-B220-D04FFCEE408C}.Release|Any CPU.Build.0 = Release|Any CPU
	EndGlobalSection
	GlobalSection(SolutionProperties) = preSolution
		HideSolutionNode = FALSE
	EndGlobalSection
	GlobalSection(ExtensibilityGlobals) = postSolution
		SolutionGuid = {D5D52217-4E67-4DD1-BE7A-C672DE8A8E1A}
	EndGlobalSection
EndGlobal
